
Microsoft Visual Studio Solution File, Format Version 12.00
# Visual Studio Version 17
VisualStudioVersion = 17.6.33829.357
MinimumVisualStudioVersion = 10.0.40219.1
Project("{FAE04EC0-301F-11D3-BF4B-00C04F79EFBC}") = "InovaTechSquadHotel", "InovaTechSquadHotel\InovaTechSquadHotel.csproj", "{B37B54BA-94BD-4857-91E1-E277FB9B054F}"
EndProject
Global
	GlobalSection(SolutionConfigurationPlatforms) = preSolution
		Debug|Any CPU = Debug|Any CPU
		Release|Any CPU = Release|Any CPU
	EndGlobalSection
	GlobalSection(ProjectConfigurationPlatforms) = postSolution
		{B37B54BA-94BD-4857-91E1-E277FB9B054F}.Debug|Any CPU.ActiveCfg = Debug|Any CPU
		{B37B54BA-94BD-4857-91E1-E277FB9B054F}.Debug|Any CPU.Build.0 = Debug|Any CPU
		{B37B54BA-94BD-4857-91E1-E277FB9B054F}.Release|Any CPU.ActiveCfg = Release|Any CPU
		{B37B54BA-94BD-4857-91E1-E277FB9B054F}.Release|Any CPU.Build.0 = Release|Any CPU
	EndGlobalSection
	GlobalSection(SolutionProperties) = preSolution
		HideSolutionNode = FALSE
	EndGlobalSection
	GlobalSection(ExtensibilityGlobals) = postSolution
		SolutionGuid = {2222B5D2-D941-43BA-B642-7E11DB8EE6B0}
	EndGlobalSection
EndGlobal
